// !$*UTF8*$!
{
	archiveVersion = 1;
	classes = {
	};
	objectVersion = 46;
	objects = {

/* Begin PBXBuildFile section */
		D30DCB891B3C2449002FE0FD /* AppDelegate.swift in Sources */ = {isa = PBXBuildFile; fileRef = D30DCB881B3C2449002FE0FD /* AppDelegate.swift */; };
		D30DCB8B1B3C2449002FE0FD /* ViewController.swift in Sources */ = {isa = PBXBuildFile; fileRef = D30DCB8A1B3C2449002FE0FD /* ViewController.swift */; };
		D30DCB8E1B3C2449002FE0FD /* Main.storyboard in Resources */ = {isa = PBXBuildFile; fileRef = D30DCB8C1B3C2449002FE0FD /* Main.storyboard */; };
		D30DCB901B3C2449002FE0FD /* Images.xcassets in Resources */ = {isa = PBXBuildFile; fileRef = D30DCB8F1B3C2449002FE0FD /* Images.xcassets */; };
		D30DCB931B3C2449002FE0FD /* LaunchScreen.xib in Resources */ = {isa = PBXBuildFile; fileRef = D30DCB911B3C2449002FE0FD /* LaunchScreen.xib */; };
		D30DCB9F1B3C2449002FE0FD /* T1E1LauraTests.swift in Sources */ = {isa = PBXBuildFile; fileRef = D30DCB9E1B3C2449002FE0FD /* T1E1LauraTests.swift */; };
/* End PBXBuildFile section */

/* Begin PBXContainerItemProxy section */
		D30DCB991B3C2449002FE0FD /* PBXContainerItemProxy */ = {
			isa = PBXContainerItemProxy;
			containerPortal = D30DCB7B1B3C2449002FE0FD /* Project object */;
			proxyType = 1;
			remoteGlobalIDString = D30DCB821B3C2449002FE0FD;
			remoteInfo = T1E1Laura;
		};
/* End PBXContainerItemProxy section */

/* Begin PBXFileReference section */
		D30DCB831B3C2449002FE0FD /* T1E1Laura.app */ = {isa = PBXFileReference; explicitFileType = wrapper.application; includeInIndex = 0; path = T1E1Laura.app; sourceTree = BUILT_PRODUCTS_DIR; };
		D30DCB871B3C2449002FE0FD /* Info.plist */ = {isa = PBXFileReference; lastKnownFileType = text.plist.xml; path = Info.plist; sourceTree = "<group>"; };
		D30DCB881B3C2449002FE0FD /* AppDelegate.swift */ = {isa = PBXFileReference; lastKnownFileType = sourcecode.swift; path = AppDelegate.swift; sourceTree = "<group>"; };
		D30DCB8A1B3C2449002FE0FD /* ViewController.swift */ = {isa = PBXFileReference; lastKnownFileType = sourcecode.swift; path = ViewController.swift; sourceTree = "<group>"; };
		D30DCB8D1B3C2449002FE0FD /* Base */ = {isa = PBXFileReference; lastKnownFileType = file.storyboard; name = Base; path = Base.lproj/Main.storyboard; sourceTree = "<group>"; };
		D30DCB8F1B3C2449002FE0FD /* Images.xcassets */ = {isa = PBXFileReference; lastKnownFileType = folder.assetcatalog; path = Images.xcassets; sourceTree = "<group>"; };
		D30DCB921B3C2449002FE0FD /* Base */ = {isa = PBXFileReference; lastKnownFileType = file.xib; name = Base; path = Base.lproj/LaunchScreen.xib; sourceTree = "<group>"; };
		D30DCB981B3C2449002FE0FD /* T1E1LauraTests.xctest */ = {isa = PBXFileReference; explicitFileType = wrapper.cfbundle; includeInIndex = 0; path = T1E1LauraTests.xctest; sourceTree = BUILT_PRODUCTS_DIR; };
		D30DCB9D1B3C2449002FE0FD /* Info.plist */ = {isa = PBXFileReference; lastKnownFileType = text.plist.xml; path = Info.plist; sourceTree = "<group>"; };
		D30DCB9E1B3C2449002FE0FD /* T1E1LauraTests.swift */ = {isa = PBXFileReference; lastKnownFileType = sourcecode.swift; path = T1E1LauraTests.swift; sourceTree = "<group>"; };
/* End PBXFileReference section */

/* Begin PBXFrameworksBuildPhase section */
		D30DCB801B3C2449002FE0FD /* Frameworks */ = {
			isa = PBXFrameworksBuildPhase;
			buildActionMask = 2147483647;
			files = (
			);
			runOnlyForDeploymentPostprocessing = 0;
		};
		D30DCB951B3C2449002FE0FD /* Frameworks */ = {
			isa = PBXFrameworksBuildPhase;
			buildActionMask = 2147483647;
			files = (
			);
			runOnlyForDeploymentPostprocessing = 0;
		};
/* End PBXFrameworksBuildPhase section */

/* Begin PBXGroup section */
		D30DCB7A1B3C2449002FE0FD = {
			isa = PBXGroup;
			children = (
				D30DCB851B3C2449002FE0FD /* T1E1Laura */,
				D30DCB9B1B3C2449002FE0FD /* T1E1LauraTests */,
				D30DCB841B3C2449002FE0FD /* Products */,
			);
			sourceTree = "<group>";
		};
		D30DCB841B3C2449002FE0FD /* Products */ = {
			isa = PBXGroup;
			children = (
				D30DCB831B3C2449002FE0FD /* T1E1Laura.app */,
				D30DCB981B3C2449002FE0FD /* T1E1LauraTests.xctest */,
			);
			name = Products;
			sourceTree = "<group>";
		};
		D30DCB851B3C2449002FE0FD /* T1E1Laura */ = {
			isa = PBXGroup;
			children = (
				D30DCB881B3C2449002FE0FD /* AppDelegate.swift */,
				D30DCB8A1B3C2449002FE0FD /* ViewController.swift */,
				D30DCB8C1B3C2449002FE0FD /* Main.storyboard */,
				D30DCB8F1B3C2449002FE0FD /* Images.xcassets */,
				D30DCB911B3C2449002FE0FD /* LaunchScreen.xib */,
				D30DCB861B3C2449002FE0FD /* Supporting Files */,
			);
			path = T1E1Laura;
			sourceTree = "<group>";
		};
		D30DCB861B3C2449002FE0FD /* Supporting Files */ = {
			isa = PBXGroup;
			children = (
				D30DCB871B3C2449002FE0FD /* Info.plist */,
			);
			name = "Supporting Files";
			sourceTree = "<group>";
		};
		D30DCB9B1B3C2449002FE0FD /* T1E1LauraTests */ = {
			isa = PBXGroup;
			children = (
				D30DCB9E1B3C2449002FE0FD /* T1E1LauraTests.swift */,
				D30DCB9C1B3C2449002FE0FD /* Supporting Files */,
			);
			path = T1E1LauraTests;
			sourceTree = "<group>";
		};
		D30DCB9C1B3C2449002FE0FD /* Supporting Files */ = {
			isa = PBXGroup;
			children = (
				D30DCB9D1B3C2449002FE0FD /* Info.plist */,
			);
			name = "Supporting Files";
			sourceTree = "<group>";
		};
/* End PBXGroup section */

/* Begin PBXNativeTarget section */
		D30DCB821B3C2449002FE0FD /* T1E1Laura */ = {
			isa = PBXNativeTarget;
			buildConfigurationList = D30DCBA21B3C2449002FE0FD /* Build configuration list for PBXNativeTarget "T1E1Laura" */;
			buildPhases = (
				D30DCB7F1B3C2449002FE0FD /* Sources */,
				D30DCB801B3C2449002FE0FD /* Frameworks */,
				D30DCB811B3C2449002FE0FD /* Resources */,
			);
			buildRules = (
			);
			dependencies = (
			);
			name = T1E1Laura;
			productName = T1E1Laura;
			productReference = D30DCB831B3C2449002FE0FD /* T1E1Laura.app */;
			productType = "com.apple.product-type.application";
		};
		D30DCB971B3C2449002FE0FD /* T1E1LauraTests */ = {
			isa = PBXNativeTarget;
			buildConfigurationList = D30DCBA51B3C2449002FE0FD /* Build configuration list for PBXNativeTarget "T1E1LauraTests" */;
			buildPhases = (
				D30DCB941B3C2449002FE0FD /* Sources */,
				D30DCB951B3C2449002FE0FD /* Frameworks */,
				D30DCB961B3C2449002FE0FD /* Resources */,
			);
			buildRules = (
			);
			dependencies = (
				D30DCB9A1B3C2449002FE0FD /* PBXTargetDependency */,
			);
			name = T1E1LauraTests;
			productName = T1E1LauraTests;
			productReference = D30DCB981B3C2449002FE0FD /* T1E1LauraTests.xctest */;
			productType = "com.apple.product-type.bundle.unit-test";
		};
/* End PBXNativeTarget section */

/* Begin PBXProject section */
		D30DCB7B1B3C2449002FE0FD /* Project object */ = {
			isa = PBXProject;
			attributes = {
				LastUpgradeCheck = 0630;
				ORGANIZATIONNAME = ImaginaFormacion;
				TargetAttributes = {
					D30DCB821B3C2449002FE0FD = {
						CreatedOnToolsVersion = 6.3.1;
					};
					D30DCB971B3C2449002FE0FD = {
						CreatedOnToolsVersion = 6.3.1;
						TestTargetID = D30DCB821B3C2449002FE0FD;
					};
				};
			};
			buildConfigurationList = D30DCB7E1B3C2449002FE0FD /* Build configuration list for PBXProject "T1E1Laura" */;
			compatibilityVersion = "Xcode 3.2";
			developmentRegion = English;
			hasScannedForEncodings = 0;
			knownRegions = (
				en,
				Base,
			);
			mainGroup = D30DCB7A1B3C2449002FE0FD;
			productRefGroup = D30DCB841B3C2449002FE0FD /* Products */;
			projectDirPath = "";
			projectRoot = "";
			targets = (
				D30DCB821B3C2449002FE0FD /* T1E1Laura */,
				D30DCB971B3C2449002FE0FD /* T1E1LauraTests */,
			);
		};
/* End PBXProject section */

/* Begin PBXResourcesBuildPhase section */
		D30DCB811B3C2449002FE0FD /* Resources */ = {
			isa = PBXResourcesBuildPhase;
			buildActionMask = 2147483647;
			files = (
				D30DCB8E1B3C2449002FE0FD /* Main.storyboard in Resources */,
				D30DCB931B3C2449002FE0FD /* LaunchScreen.xib in Resources */,
				D30DCB901B3C2449002FE0FD /* Images.xcassets in Resources */,
			);
			runOnlyForDeploymentPostprocessing = 0;
		};
		D30DCB961B3C2449002FE0FD /* Resources */ = {
			isa = PBXResourcesBuildPhase;
			buildActionMask = 2147483647;
			files = (
			);
			runOnlyForDeploymentPostprocessing = 0;
		};
/* End PBXResourcesBuildPhase section */

/* Begin PBXSourcesBuildPhase section */
		D30DCB7F1B3C2449002FE0FD /* Sources */ = {
			isa = PBXSourcesBuildPhase;
			buildActionMask = 2147483647;
			files = (
				D30DCB8B1B3C2449002FE0FD /* ViewController.swift in Sources */,
				D30DCB891B3C2449002FE0FD /* AppDelegate.swift in Sources */,
			);
			runOnlyForDeploymentPostprocessing = 0;
		};
		D30DCB941B3C2449002FE0FD /* Sources */ = {
			isa = PBXSourcesBuildPhase;
			buildActionMask = 2147483647;
			files = (
				D30DCB9F1B3C2449002FE0FD /* T1E1LauraTests.swift in Sources */,
			);
			runOnlyForDeploymentPostprocessing = 0;
		};
/* End PBXSourcesBuildPhase section */

/* Begin PBXTargetDependency section */
		D30DCB9A1B3C2449002FE0FD /* PBXTargetDependency */ = {
			isa = PBXTargetDependency;
			target = D30DCB821B3C2449002FE0FD /* T1E1Laura */;
			targetProxy = D30DCB991B3C2449002FE0FD /* PBXContainerItemProxy */;
		};
/* End PBXTargetDependency section */

/* Begin PBXVariantGroup section */
		D30DCB8C1B3C2449002FE0FD /* Main.storyboard */ = {
			isa = PBXVariantGroup;
			children = (
				D30DCB8D1B3C2449002FE0FD /* Base */,
			);
			name = Main.storyboard;
			sourceTree = "<group>";
		};
		D30DCB911B3C2449002FE0FD /* LaunchScreen.xib */ = {
			isa = PBXVariantGroup;
			children = (
				D30DCB921B3C2449002FE0FD /* Base */,
			);
			name = LaunchScreen.xib;
			sourceTree = "<group>";
		};
/* End PBXVariantGroup section */

/* Begin XCBuildConfiguration section */
		D30DCBA01B3C2449002FE0FD /* Debug */ = {
			isa = XCBuildConfiguration;
			buildSettings = {
				ALWAYS_SEARCH_USER_PATHS = NO;
				CLANG_CXX_LANGUAGE_STANDARD = "gnu++0x";
				CLANG_CXX_LIBRARY = "libc++";
				CLANG_ENABLE_MODULES = YES;
				CLANG_ENABLE_OBJC_ARC = YES;
				CLANG_WARN_BOOL_CONVERSION = YES;
				CLANG_WARN_CONSTANT_CONVERSION = YES;
				CLANG_WARN_DIRECT_OBJC_ISA_USAGE = YES_ERROR;
				CLANG_WARN_EMPTY_BODY = YES;
				CLANG_WARN_ENUM_CONVERSION = YES;
				CLANG_WARN_INT_CONVERSION = YES;
				CLANG_WARN_OBJC_ROOT_CLASS = YES_ERROR;
				CLANG_WARN_UNREACHABLE_CODE = YES;
				CLANG_WARN__DUPLICATE_METHOD_MATCH = YES;
				"CODE_SIGN_IDENTITY[sdk=iphoneos*]" = "iPhone Developer";
				COPY_PHASE_STRIP = NO;
				DEBUG_INFORMATION_FORMAT = "dwarf-with-dsym";
				ENABLE_STRICT_OBJC_MSGSEND = YES;
				GCC_C_LANGUAGE_STANDARD = gnu99;
				GCC_DYNAMIC_NO_PIC = NO;
				GCC_NO_COMMON_BLOCKS = YES;
				GCC_OPTIMIZATION_LEVEL = 0;
				GCC_PREPROCESSOR_DEFINITIONS = (
					"DEBUG=1",
					"$(inherited)",
				);
				GCC_SYMBOLS_PRIVATE_EXTERN = NO;
				GCC_WARN_64_TO_32_BIT_CONVERSION = YES;
				GCC_WARN_ABOUT_RETURN_TYPE = YES_ERROR;
				GCC_WARN_UNDECLARED_SELECTOR = YES;
				GCC_WARN_UNINITIALIZED_AUTOS = YES_AGGRESSIVE;
				GCC_WARN_UNUSED_FUNCTION = YES;
				GCC_WARN_UNUSED_VARIABLE = YES;
				IPHONEOS_DEPLOYMENT_TARGET = 8.3;
				MTL_ENABLE_DEBUG_INFO = YES;
				ONLY_ACTIVE_ARCH = YES;
				SDKROOT = iphoneos;
				SWIFT_OPTIMIZATION_LEVEL = "-Onone";
			};
			name = Debug;
		};
		D30DCBA11B3C2449002FE0FD /* Release */ = {
			isa = XCBuildConfiguration;
			buildSettings = {
				ALWAYS_SEARCH_USER_PATHS = NO;
				CLANG_CXX_LANGUAGE_STANDARD = "gnu++0x";
				CLANG_CXX_LIBRARY = "libc++";
				CLANG_ENABLE_MODULES = YES;
				CLANG_ENABLE_OBJC_ARC = YES;
				CLANG_WARN_BOOL_CONVERSION = YES;
				CLANG_WARN_CONSTANT_CONVERSION = YES;
				CLANG_WARN_DIRECT_OBJC_ISA_USAGE = YES_ERROR;
				CLANG_WARN_EMPTY_BODY = YES;
				CLANG_WARN_ENUM_CONVERSION = YES;
				CLANG_WARN_INT_CONVERSION = YES;
				CLANG_WARN_OBJC_ROOT_CLASS = YES_ERROR;
				CLANG_WARN_UNREACHABLE_CODE = YES;
				CLANG_WARN__DUPLICATE_METHOD_MATCH = YES;
				"CODE_SIGN_IDENTITY[sdk=iphoneos*]" = "iPhone Developer";
				COPY_PHASE_STRIP = NO;
				DEBUG_INFORMATION_FORMAT = "dwarf-with-dsym";
				ENABLE_NS_ASSERTIONS = NO;
				ENABLE_STRICT_OBJC_MSGSEND = YES;
				GCC_C_LANGUAGE_STANDARD = gnu99;
				GCC_NO_COMMON_BLOCKS = YES;
				GCC_WARN_64_TO_32_BIT_CONVERSION = YES;
				GCC_WARN_ABOUT_RETURN_TYPE = YES_ERROR;
				GCC_WARN_UNDECLARED_SELECTOR = YES;
				GCC_WARN_UNINITIALIZED_AUTOS = YES_AGGRESSIVE;
				GCC_WARN_UNUSED_FUNCTION = YES;
				GCC_WARN_UNUSED_VARIABLE = YES;
				IPHONEOS_DEPLOYMENT_TARGET = 8.3;
				MTL_ENABLE_DEBUG_INFO = NO;
				SDKROOT = iphoneos;
				VALIDATE_PRODUCT = YES;
			};
			name = Release;
		};
		D30DCBA31B3C2449002FE0FD /* Debug */ = {
			isa = XCBuildConfiguration;
			buildSettings = {
				ASSETCATALOG_COMPILER_APPICON_NAME = AppIcon;
				INFOPLIST_FILE = T1E1Laura/Info.plist;
				LD_RUNPATH_SEARCH_PATHS = "$(inherited) @executable_path/Frameworks";
				PRODUCT_NAME = "$(TARGET_NAME)";
			};
			name = Debug;
		};
		D30DCBA41B3C2449002FE0FD /* Release */ = {
			isa = XCBuildConfiguration;
			buildSettings = {
				ASSETCATALOG_COMPILER_APPICON_NAME = AppIcon;
				INFOPLIST_FILE = T1E1Laura/Info.plist;
				LD_RUNPATH_SEARCH_PATHS = "$(inherited) @executable_path/Frameworks";
				PRODUCT_NAME = "$(TARGET_NAME)";
			};
			name = Release;
		};
		D30DCBA61B3C2449002FE0FD /* Debug */ = {
			isa = XCBuildConfiguration;
			buildSettings = {
				BUNDLE_LOADER = "$(TEST_HOST)";
				FRAMEWORK_SEARCH_PATHS = (
					"$(SDKROOT)/Developer/Library/Frameworks",
					"$(inherited)",
				);
				GCC_PREPROCESSOR_DEFINITIONS = (
					"DEBUG=1",
					"$(inherited)",
				);
				INFOPLIST_FILE = T1E1LauraTests/Info.plist;
				LD_RUNPATH_SEARCH_PATHS = "$(inherited) @executable_path/Frameworks @loader_path/Frameworks";
				PRODUCT_NAME = "$(TARGET_NAME)";
				TEST_HOST = "$(BUILT_PRODUCTS_DIR)/T1E1Laura.app/T1E1Laura";
			};
			name = Debug;
		};
		D30DCBA71B3C2449002FE0FD /* Release */ = {
			isa = XCBuildConfiguration;
			buildSettings = {
				BUNDLE_LOADER = "$(TEST_HOST)";
				FRAMEWORK_SEARCH_PATHS = (
					"$(SDKROOT)/Developer/Library/Frameworks",
					"$(inherited)",
				);
				INFOPLIST_FILE = T1E1LauraTests/Info.plist;
				LD_RUNPATH_SEARCH_PATHS = "$(inherited) @executable_path/Frameworks @loader_path/Frameworks";
				PRODUCT_NAME = "$(TARGET_NAME)";
				TEST_HOST = "$(BUILT_PRODUCTS_DIR)/T1E1Laura.app/T1E1Laura";
			};
			name = Release;
		};
/* End XCBuildConfiguration section */

/* Begin XCConfigurationList section */
		D30DCB7E1B3C2449002FE0FD /* Build configuration list for PBXProject "T1E1Laura" */ = {
			isa = XCConfigurationList;
			buildConfigurations = (
				D30DCBA01B3C2449002FE0FD /* Debug */,
				D30DCBA11B3C2449002FE0FD /* Release */,
			);
			defaultConfigurationIsVisible = 0;
			defaultConfigurationName = Release;
		};
		D30DCBA21B3C2449002FE0FD /* Build configuration list for PBXNativeTarget "T1E1Laura" */ = {
			isa = XCConfigurationList;
			buildConfigurations = (
				D30DCBA31B3C2449002FE0FD /* Debug */,
				D30DCBA41B3C2449002FE0FD /* Release */,
			);
			defaultConfigurationIsVisible = 0;
		};
		D30DCBA51B3C2449002FE0FD /* Build configuration list for PBXNativeTarget "T1E1LauraTests" */ = {
			isa = XCConfigurationList;
			buildConfigurations = (
				D30DCBA61B3C2449002FE0FD /* Debug */,
				D30DCBA71B3C2449002FE0FD /* Release */,
			);
			defaultConfigurationIsVisible = 0;
		};
/* End XCConfigurationList section */
	};
	rootObject = D30DCB7B1B3C2449002FE0FD /* Project object */;
}
